// !$*UTF8*$!
{
	archiveVersion = 1;
	classes = {
	};
	objectVersion = 50;
	objects = {

/* Begin PBXBuildFile section */
		1F163E1E26D3606900EC7210 /* NetworkSwiftUIApp.swift in Sources */ = {isa = PBXBuildFile; fileRef = 1F163E1D26D3606900EC7210 /* NetworkSwiftUIApp.swift */; };
		1F163E2026D3606900EC7210 /* ContentView.swift in Sources */ = {isa = PBXBuildFile; fileRef = 1F163E1F26D3606900EC7210 /* ContentView.swift */; };
		1F163E2226D3606B00EC7210 /* Assets.xcassets in Resources */ = {isa = PBXBuildFile; fileRef = 1F163E2126D3606B00EC7210 /* Assets.xcassets */; };
		1F163E2526D3606B00EC7210 /* Preview Assets.xcassets in Resources */ = {isa = PBXBuildFile; fileRef = 1F163E2426D3606B00EC7210 /* Preview Assets.xcassets */; };
		1F163E2F26D3659F00EC7210 /* CombineSongsView.swift in Sources */ = {isa = PBXBuildFile; fileRef = 1F163E2E26D3659F00EC7210 /* CombineSongsView.swift */; };
		1F163E3126D365CE00EC7210 /* SongResponse.swift in Sources */ = {isa = PBXBuildFile; fileRef = 1F163E3026D365CE00EC7210 /* SongResponse.swift */; };
		1F163E3326D3660A00EC7210 /* CombineSongsViewModel.swift in Sources */ = {isa = PBXBuildFile; fileRef = 1F163E3226D3660A00EC7210 /* CombineSongsViewModel.swift */; };
		1F163E3626D3665300EC7210 /* APIClient.swift in Sources */ = {isa = PBXBuildFile; fileRef = 1F163E3526D3665300EC7210 /* APIClient.swift */; };
		1F163E3826D3668D00EC7210 /* CombineSongDBAPI.swift in Sources */ = {isa = PBXBuildFile; fileRef = 1F163E3726D3668D00EC7210 /* CombineSongDBAPI.swift */; };
		1F163E3B26D3890F00EC7210 /* SongDBAPI.swift in Sources */ = {isa = PBXBuildFile; fileRef = 1F163E3A26D3890F00EC7210 /* SongDBAPI.swift */; };
		1FBC80C926D4674800FBACD7 /* SongsView.swift in Sources */ = {isa = PBXBuildFile; fileRef = 1FBC80C826D4674800FBACD7 /* SongsView.swift */; };
		1FBC80CB26D4686E00FBACD7 /* SongViewModel.swift in Sources */ = {isa = PBXBuildFile; fileRef = 1FBC80CA26D4686E00FBACD7 /* SongViewModel.swift */; };
/* End PBXBuildFile section */

/* Begin PBXFileReference section */
		1F163E1A26D3606900EC7210 /* NetworkSwiftUI.app */ = {isa = PBXFileReference; explicitFileType = wrapper.application; includeInIndex = 0; path = NetworkSwiftUI.app; sourceTree = BUILT_PRODUCTS_DIR; };
		1F163E1D26D3606900EC7210 /* NetworkSwiftUIApp.swift */ = {isa = PBXFileReference; lastKnownFileType = sourcecode.swift; path = NetworkSwiftUIApp.swift; sourceTree = "<group>"; };
		1F163E1F26D3606900EC7210 /* ContentView.swift */ = {isa = PBXFileReference; lastKnownFileType = sourcecode.swift; path = ContentView.swift; sourceTree = "<group>"; };
		1F163E2126D3606B00EC7210 /* Assets.xcassets */ = {isa = PBXFileReference; lastKnownFileType = folder.assetcatalog; path = Assets.xcassets; sourceTree = "<group>"; };
		1F163E2426D3606B00EC7210 /* Preview Assets.xcassets */ = {isa = PBXFileReference; lastKnownFileType = folder.assetcatalog; path = "Preview Assets.xcassets"; sourceTree = "<group>"; };
		1F163E2626D3606B00EC7210 /* Info.plist */ = {isa = PBXFileReference; lastKnownFileType = text.plist.xml; path = Info.plist; sourceTree = "<group>"; };
		1F163E2E26D3659F00EC7210 /* CombineSongsView.swift */ = {isa = PBXFileReference; lastKnownFileType = sourcecode.swift; path = CombineSongsView.swift; sourceTree = "<group>"; };
		1F163E3026D365CE00EC7210 /* SongResponse.swift */ = {isa = PBXFileReference; lastKnownFileType = sourcecode.swift; path = SongResponse.swift; sourceTree = "<group>"; };
		1F163E3226D3660A00EC7210 /* CombineSongsViewModel.swift */ = {isa = PBXFileReference; lastKnownFileType = sourcecode.swift; path = CombineSongsViewModel.swift; sourceTree = "<group>"; };
		1F163E3526D3665300EC7210 /* APIClient.swift */ = {isa = PBXFileReference; lastKnownFileType = sourcecode.swift; path = APIClient.swift; sourceTree = "<group>"; };
		1F163E3726D3668D00EC7210 /* CombineSongDBAPI.swift */ = {isa = PBXFileReference; lastKnownFileType = sourcecode.swift; path = CombineSongDBAPI.swift; sourceTree = "<group>"; };
		1F163E3A26D3890F00EC7210 /* SongDBAPI.swift */ = {isa = PBXFileReference; lastKnownFileType = sourcecode.swift; path = SongDBAPI.swift; sourceTree = "<group>"; };
		1FBC80C826D4674800FBACD7 /* SongsView.swift */ = {isa = PBXFileReference; lastKnownFileType = sourcecode.swift; path = SongsView.swift; sourceTree = "<group>"; };
		1FBC80CA26D4686E00FBACD7 /* SongViewModel.swift */ = {isa = PBXFileReference; lastKnownFileType = sourcecode.swift; path = SongViewModel.swift; sourceTree = "<group>"; };
/* End PBXFileReference section */

/* Begin PBXFrameworksBuildPhase section */
		1F163E1726D3606900EC7210 /* Frameworks */ = {
			isa = PBXFrameworksBuildPhase;
			buildActionMask = 2147483647;
			files = (
			);
			runOnlyForDeploymentPostprocessing = 0;
		};
/* End PBXFrameworksBuildPhase section */

/* Begin PBXGroup section */
		1F163E1126D3606900EC7210 = {
			isa = PBXGroup;
			children = (
				1F163E1C26D3606900EC7210 /* NetworkSwiftUI */,
				1F163E1B26D3606900EC7210 /* Products */,
			);
			sourceTree = "<group>";
		};
		1F163E1B26D3606900EC7210 /* Products */ = {
			isa = PBXGroup;
			children = (
				1F163E1A26D3606900EC7210 /* NetworkSwiftUI.app */,
			);
			name = Products;
			sourceTree = "<group>";
		};
		1F163E1C26D3606900EC7210 /* NetworkSwiftUI */ = {
			isa = PBXGroup;
			children = (
				1F163E1D26D3606900EC7210 /* NetworkSwiftUIApp.swift */,
				1F163E1F26D3606900EC7210 /* ContentView.swift */,
				1F163E3926D3878400EC7210 /* Model */,
				1FBC80CC26D47E4400FBACD7 /* ClassicSample */,
				1F163E3426D3662F00EC7210 /* CombineSample */,
				1F163E2126D3606B00EC7210 /* Assets.xcassets */,
				1F163E2626D3606B00EC7210 /* Info.plist */,
				1F163E2326D3606B00EC7210 /* Preview Content */,
			);
			path = NetworkSwiftUI;
			sourceTree = "<group>";
		};
		1F163E2326D3606B00EC7210 /* Preview Content */ = {
			isa = PBXGroup;
			children = (
				1F163E2426D3606B00EC7210 /* Preview Assets.xcassets */,
			);
			path = "Preview Content";
			sourceTree = "<group>";
		};
		1F163E3426D3662F00EC7210 /* CombineSample */ = {
			isa = PBXGroup;
			children = (
				1F163E3726D3668D00EC7210 /* CombineSongDBAPI.swift */,
				1F163E2E26D3659F00EC7210 /* CombineSongsView.swift */,
				1F163E3226D3660A00EC7210 /* CombineSongsViewModel.swift */,
				1F163E3526D3665300EC7210 /* APIClient.swift */,
			);
			path = CombineSample;
			sourceTree = "<group>";
		};
		1F163E3926D3878400EC7210 /* Model */ = {
			isa = PBXGroup;
			children = (
				1F163E3026D365CE00EC7210 /* SongResponse.swift */,
			);
			path = Model;
			sourceTree = "<group>";
		};
		1FBC80CC26D47E4400FBACD7 /* ClassicSample */ = {
			isa = PBXGroup;
			children = (
				1F163E3A26D3890F00EC7210 /* SongDBAPI.swift */,
				1FBC80C826D4674800FBACD7 /* SongsView.swift */,
				1FBC80CA26D4686E00FBACD7 /* SongViewModel.swift */,
			);
			path = ClassicSample;
			sourceTree = "<group>";
		};
/* End PBXGroup section */

/* Begin PBXNativeTarget section */
		1F163E1926D3606900EC7210 /* NetworkSwiftUI */ = {
			isa = PBXNativeTarget;
			buildConfigurationList = 1F163E2926D3606B00EC7210 /* Build configuration list for PBXNativeTarget "NetworkSwiftUI" */;
			buildPhases = (
				1F163E1626D3606900EC7210 /* Sources */,
				1F163E1726D3606900EC7210 /* Frameworks */,
				1F163E1826D3606900EC7210 /* Resources */,
			);
			buildRules = (
			);
			dependencies = (
			);
			name = NetworkSwiftUI;
			productName = NetworkSwiftUI;
			productReference = 1F163E1A26D3606900EC7210 /* NetworkSwiftUI.app */;
			productType = "com.apple.product-type.application";
		};
/* End PBXNativeTarget section */

/* Begin PBXProject section */
		1F163E1226D3606900EC7210 /* Project object */ = {
			isa = PBXProject;
			attributes = {
				LastSwiftUpdateCheck = 1250;
				LastUpgradeCheck = 1250;
				TargetAttributes = {
					1F163E1926D3606900EC7210 = {
						CreatedOnToolsVersion = 12.5.1;
					};
				};
			};
			buildConfigurationList = 1F163E1526D3606900EC7210 /* Build configuration list for PBXProject "NetworkSwiftUI" */;
			compatibilityVersion = "Xcode 9.3";
			developmentRegion = en;
			hasScannedForEncodings = 0;
			knownRegions = (
				en,
				Base,
			);
			mainGroup = 1F163E1126D3606900EC7210;
			productRefGroup = 1F163E1B26D3606900EC7210 /* Products */;
			projectDirPath = "";
			projectRoot = "";
			targets = (
				1F163E1926D3606900EC7210 /* NetworkSwiftUI */,
			);
		};
/* End PBXProject section */

/* Begin PBXResourcesBuildPhase section */
		1F163E1826D3606900EC7210 /* Resources */ = {
			isa = PBXResourcesBuildPhase;
			buildActionMask = 2147483647;
			files = (
				1F163E2526D3606B00EC7210 /* Preview Assets.xcassets in Resources */,
				1F163E2226D3606B00EC7210 /* Assets.xcassets in Resources */,
			);
			runOnlyForDeploymentPostprocessing = 0;
		};
/* End PBXResourcesBuildPhase section */

/* Begin PBXSourcesBuildPhase section */
		1F163E1626D3606900EC7210 /* Sources */ = {
			isa = PBXSourcesBuildPhase;
			buildActionMask = 2147483647;
			files = (
				1FBC80C926D4674800FBACD7 /* SongsView.swift in Sources */,
				1F163E3B26D3890F00EC7210 /* SongDBAPI.swift in Sources */,
				1F163E3626D3665300EC7210 /* APIClient.swift in Sources */,
				1F163E3126D365CE00EC7210 /* SongResponse.swift in Sources */,
				1F163E3826D3668D00EC7210 /* CombineSongDBAPI.swift in Sources */,
				1F163E2F26D3659F00EC7210 /* CombineSongsView.swift in Sources */,
				1F163E2026D3606900EC7210 /* ContentView.swift in Sources */,
				1F163E1E26D3606900EC7210 /* NetworkSwiftUIApp.swift in Sources */,
				1F163E3326D3660A00EC7210 /* CombineSongsViewModel.swift in Sources */,
				1FBC80CB26D4686E00FBACD7 /* SongViewModel.swift in Sources */,
			);
			runOnlyForDeploymentPostprocessing = 0;
		};
/* End PBXSourcesBuildPhase section */

/* Begin XCBuildConfiguration section */
		1F163E2726D3606B00EC7210 /* Debug */ = {
			isa = XCBuildConfiguration;
			buildSettings = {
				ALWAYS_SEARCH_USER_PATHS = NO;
				CLANG_ANALYZER_NONNULL = YES;
				CLANG_ANALYZER_NUMBER_OBJECT_CONVERSION = YES_AGGRESSIVE;
				CLANG_CXX_LANGUAGE_STANDARD = "gnu++14";
				CLANG_CXX_LIBRARY = "libc++";
				CLANG_ENABLE_MODULES = YES;
				CLANG_ENABLE_OBJC_ARC = YES;
				CLANG_ENABLE_OBJC_WEAK = YES;
				CLANG_WARN_BLOCK_CAPTURE_AUTORELEASING = YES;
				CLANG_WARN_BOOL_CONVERSION = YES;
				CLANG_WARN_COMMA = YES;
				CLANG_WARN_CONSTANT_CONVERSION = YES;
				CLANG_WARN_DEPRECATED_OBJC_IMPLEMENTATIONS = YES;
				CLANG_WARN_DIRECT_OBJC_ISA_USAGE = YES_ERROR;
				CLANG_WARN_DOCUMENTATION_COMMENTS = YES;
				CLANG_WARN_EMPTY_BODY = YES;
				CLANG_WARN_ENUM_CONVERSION = YES;
				CLANG_WARN_INFINITE_RECURSION = YES;
				CLANG_WARN_INT_CONVERSION = YES;
				CLANG_WARN_NON_LITERAL_NULL_CONVERSION = YES;
				CLANG_WARN_OBJC_IMPLICIT_RETAIN_SELF = YES;
				CLANG_WARN_OBJC_LITERAL_CONVERSION = YES;
				CLANG_WARN_OBJC_ROOT_CLASS = YES_ERROR;
				CLANG_WARN_QUOTED_INCLUDE_IN_FRAMEWORK_HEADER = YES;
				CLANG_WARN_RANGE_LOOP_ANALYSIS = YES;
				CLANG_WARN_STRICT_PROTOTYPES = YES;
				CLANG_WARN_SUSPICIOUS_MOVE = YES;
				CLANG_WARN_UNGUARDED_AVAILABILITY = YES_AGGRESSIVE;
				CLANG_WARN_UNREACHABLE_CODE = YES;
				CLANG_WARN__DUPLICATE_METHOD_MATCH = YES;
				COPY_PHASE_STRIP = NO;
				DEBUG_INFORMATION_FORMAT = dwarf;
				ENABLE_STRICT_OBJC_MSGSEND = YES;
				ENABLE_TESTABILITY = YES;
				GCC_C_LANGUAGE_STANDARD = gnu11;
				GCC_DYNAMIC_NO_PIC = NO;
				GCC_NO_COMMON_BLOCKS = YES;
				GCC_OPTIMIZATION_LEVEL = 0;
				GCC_PREPROCESSOR_DEFINITIONS = (
					"DEBUG=1",
					"$(inherited)",
				);
				GCC_WARN_64_TO_32_BIT_CONVERSION = YES;
				GCC_WARN_ABOUT_RETURN_TYPE = YES_ERROR;
				GCC_WARN_UNDECLARED_SELECTOR = YES;
				GCC_WARN_UNINITIALIZED_AUTOS = YES_AGGRESSIVE;
				GCC_WARN_UNUSED_FUNCTION = YES;
				GCC_WARN_UNUSED_VARIABLE = YES;
				IPHONEOS_DEPLOYMENT_TARGET = 14.5;
				MTL_ENABLE_DEBUG_INFO = INCLUDE_SOURCE;
				MTL_FAST_MATH = YES;
				ONLY_ACTIVE_ARCH = YES;
				SDKROOT = iphoneos;
				SWIFT_ACTIVE_COMPILATION_CONDITIONS = DEBUG;
				SWIFT_OPTIMIZATION_LEVEL = "-Onone";
			};
			name = Debug;
		};
		1F163E2826D3606B00EC7210 /* Release */ = {
			isa = XCBuildConfiguration;
			buildSettings = {
				ALWAYS_SEARCH_USER_PATHS = NO;
				CLANG_ANALYZER_NONNULL = YES;
				CLANG_ANALYZER_NUMBER_OBJECT_CONVERSION = YES_AGGRESSIVE;
				CLANG_CXX_LANGUAGE_STANDARD = "gnu++14";
				CLANG_CXX_LIBRARY = "libc++";
				CLANG_ENABLE_MODULES = YES;
				CLANG_ENABLE_OBJC_ARC = YES;
				CLANG_ENABLE_OBJC_WEAK = YES;
				CLANG_WARN_BLOCK_CAPTURE_AUTORELEASING = YES;
				CLANG_WARN_BOOL_CONVERSION = YES;
				CLANG_WARN_COMMA = YES;
				CLANG_WARN_CONSTANT_CONVERSION = YES;
				CLANG_WARN_DEPRECATED_OBJC_IMPLEMENTATIONS = YES;
				CLANG_WARN_DIRECT_OBJC_ISA_USAGE = YES_ERROR;
				CLANG_WARN_DOCUMENTATION_COMMENTS = YES;
				CLANG_WARN_EMPTY_BODY = YES;
				CLANG_WARN_ENUM_CONVERSION = YES;
				CLANG_WARN_INFINITE_RECURSION = YES;
				CLANG_WARN_INT_CONVERSION = YES;
				CLANG_WARN_NON_LITERAL_NULL_CONVERSION = YES;
				CLANG_WARN_OBJC_IMPLICIT_RETAIN_SELF = YES;
				CLANG_WARN_OBJC_LITERAL_CONVERSION = YES;
				CLANG_WARN_OBJC_ROOT_CLASS = YES_ERROR;
				CLANG_WARN_QUOTED_INCLUDE_IN_FRAMEWORK_HEADER = YES;
				CLANG_WARN_RANGE_LOOP_ANALYSIS = YES;
				CLANG_WARN_STRICT_PROTOTYPES = YES;
				CLANG_WARN_SUSPICIOUS_MOVE = YES;
				CLANG_WARN_UNGUARDED_AVAILABILITY = YES_AGGRESSIVE;
				CLANG_WARN_UNREACHABLE_CODE = YES;
				CLANG_WARN__DUPLICATE_METHOD_MATCH = YES;
				COPY_PHASE_STRIP = NO;
				DEBUG_INFORMATION_FORMAT = "dwarf-with-dsym";
				ENABLE_NS_ASSERTIONS = NO;
				ENABLE_STRICT_OBJC_MSGSEND = YES;
				GCC_C_LANGUAGE_STANDARD = gnu11;
				GCC_NO_COMMON_BLOCKS = YES;
				GCC_WARN_64_TO_32_BIT_CONVERSION = YES;
				GCC_WARN_ABOUT_RETURN_TYPE = YES_ERROR;
				GCC_WARN_UNDECLARED_SELECTOR = YES;
				GCC_WARN_UNINITIALIZED_AUTOS = YES_AGGRESSIVE;
				GCC_WARN_UNUSED_FUNCTION = YES;
				GCC_WARN_UNUSED_VARIABLE = YES;
				IPHONEOS_DEPLOYMENT_TARGET = 14.5;
				MTL_ENABLE_DEBUG_INFO = NO;
				MTL_FAST_MATH = YES;
				SDKROOT = iphoneos;
				SWIFT_COMPILATION_MODE = wholemodule;
				SWIFT_OPTIMIZATION_LEVEL = "-O";
				VALIDATE_PRODUCT = YES;
			};
			name = Release;
		};
		1F163E2A26D3606B00EC7210 /* Debug */ = {
			isa = XCBuildConfiguration;
			buildSettings = {
				ASSETCATALOG_COMPILER_APPICON_NAME = AppIcon;
				ASSETCATALOG_COMPILER_GLOBAL_ACCENT_COLOR_NAME = AccentColor;
				CODE_SIGN_STYLE = Automatic;
				DEVELOPMENT_ASSET_PATHS = "\"NetworkSwiftUI/Preview Content\"";
				ENABLE_PREVIEWS = YES;
				INFOPLIST_FILE = NetworkSwiftUI/Info.plist;
				IPHONEOS_DEPLOYMENT_TARGET = 14.0;
				LD_RUNPATH_SEARCH_PATHS = (
					"$(inherited)",
					"@executable_path/Frameworks",
				);
				PRODUCT_BUNDLE_IDENTIFIER = com.jiwoo.NetworkSwiftUI;
				PRODUCT_NAME = "$(TARGET_NAME)";
				SWIFT_VERSION = 5.0;
				TARGETED_DEVICE_FAMILY = "1,2";
			};
			name = Debug;
		};
		1F163E2B26D3606B00EC7210 /* Release */ = {
			isa = XCBuildConfiguration;
			buildSettings = {
				ASSETCATALOG_COMPILER_APPICON_NAME = AppIcon;
				ASSETCATALOG_COMPILER_GLOBAL_ACCENT_COLOR_NAME = AccentColor;
				CODE_SIGN_STYLE = Automatic;
				DEVELOPMENT_ASSET_PATHS = "\"NetworkSwiftUI/Preview Content\"";
				ENABLE_PREVIEWS = YES;
				INFOPLIST_FILE = NetworkSwiftUI/Info.plist;
				IPHONEOS_DEPLOYMENT_TARGET = 14.0;
				LD_RUNPATH_SEARCH_PATHS = (
					"$(inherited)",
					"@executable_path/Frameworks",
				);
				PRODUCT_BUNDLE_IDENTIFIER = com.jiwoo.NetworkSwiftUI;
				PRODUCT_NAME = "$(TARGET_NAME)";
				SWIFT_VERSION = 5.0;
				TARGETED_DEVICE_FAMILY = "1,2";
			};
			name = Release;
		};
/* End XCBuildConfiguration section */

/* Begin XCConfigurationList section */
		1F163E1526D3606900EC7210 /* Build configuration list for PBXProject "NetworkSwiftUI" */ = {
			isa = XCConfigurationList;
			buildConfigurations = (
				1F163E2726D3606B00EC7210 /* Debug */,
				1F163E2826D3606B00EC7210 /* Release */,
			);
			defaultConfigurationIsVisible = 0;
			defaultConfigurationName = Release;
		};
		1F163E2926D3606B00EC7210 /* Build configuration list for PBXNativeTarget "NetworkSwiftUI" */ = {
			isa = XCConfigurationList;
			buildConfigurations = (
				1F163E2A26D3606B00EC7210 /* Debug */,
				1F163E2B26D3606B00EC7210 /* Release */,
			);
			defaultConfigurationIsVisible = 0;
			defaultConfigurationName = Release;
		};
/* End XCConfigurationList section */
	};
	rootObject = 1F163E1226D3606900EC7210 /* Project object */;
}
